// !$*UTF8*$!
{
	archiveVersion = 1;
	classes = {
	};
	objectVersion = 56;
	objects = {

/* Begin PBXBuildFile section */
		B602B8372B4DB82E00BC9E18 /* Bundle.swift in Sources */ = {isa = PBXBuildFile; fileRef = B602B8362B4DB82E00BC9E18 /* Bundle.swift */; };
		B63756422B3CA99E003075B2 /* FizlApp.swift in Sources */ = {isa = PBXBuildFile; fileRef = B63756412B3CA99E003075B2 /* FizlApp.swift */; };
		B63756442B3CA99E003075B2 /* ContentView.swift in Sources */ = {isa = PBXBuildFile; fileRef = B63756432B3CA99E003075B2 /* ContentView.swift */; };
		B63756462B3CA99F003075B2 /* Assets.xcassets in Resources */ = {isa = PBXBuildFile; fileRef = B63756452B3CA99F003075B2 /* Assets.xcassets */; };
		B63756492B3CA99F003075B2 /* Preview Assets.xcassets in Resources */ = {isa = PBXBuildFile; fileRef = B63756482B3CA99F003075B2 /* Preview Assets.xcassets */; };
		B63756562B3CA9BE003075B2 /* WidgetKit.framework in Frameworks */ = {isa = PBXBuildFile; fileRef = B63756552B3CA9BE003075B2 /* WidgetKit.framework */; };
		B63756582B3CA9BE003075B2 /* SwiftUI.framework in Frameworks */ = {isa = PBXBuildFile; fileRef = B63756572B3CA9BE003075B2 /* SwiftUI.framework */; };
		B637565D2B3CA9BE003075B2 /* Fizl_LiveActivity.swift in Sources */ = {isa = PBXBuildFile; fileRef = B637565C2B3CA9BE003075B2 /* Fizl_LiveActivity.swift */; };
		B63756612B3CA9BE003075B2 /* Assets.xcassets in Resources */ = {isa = PBXBuildFile; fileRef = B63756602B3CA9BE003075B2 /* Assets.xcassets */; };
		B63756652B3CA9BE003075B2 /* Fizl ActivityExtension.appex in Embed Foundation Extensions */ = {isa = PBXBuildFile; fileRef = B63756532B3CA9BE003075B2 /* Fizl ActivityExtension.appex */; settings = {ATTRIBUTES = (RemoveHeadersOnCopy, ); }; };
		B637566B2B3CAAF7003075B2 /* Attributes.swift in Sources */ = {isa = PBXBuildFile; fileRef = B637566A2B3CAAF7003075B2 /* Attributes.swift */; };
		B637566C2B3CAAF7003075B2 /* Attributes.swift in Sources */ = {isa = PBXBuildFile; fileRef = B637566A2B3CAAF7003075B2 /* Attributes.swift */; };
/* End PBXBuildFile section */

/* Begin PBXContainerItemProxy section */
		B63756632B3CA9BE003075B2 /* PBXContainerItemProxy */ = {
			isa = PBXContainerItemProxy;
			containerPortal = B63756362B3CA99E003075B2 /* Project object */;
			proxyType = 1;
			remoteGlobalIDString = B63756522B3CA9BE003075B2;
			remoteInfo = "Fizl ActivityExtension";
		};
/* End PBXContainerItemProxy section */

/* Begin PBXCopyFilesBuildPhase section */
		B63756692B3CA9BE003075B2 /* Embed Foundation Extensions */ = {
			isa = PBXCopyFilesBuildPhase;
			buildActionMask = 2147483647;
			dstPath = "";
			dstSubfolderSpec = 13;
			files = (
				B63756652B3CA9BE003075B2 /* Fizl ActivityExtension.appex in Embed Foundation Extensions */,
			);
			name = "Embed Foundation Extensions";
			runOnlyForDeploymentPostprocessing = 0;
		};
/* End PBXCopyFilesBuildPhase section */

/* Begin PBXFileReference section */
		B602B8362B4DB82E00BC9E18 /* Bundle.swift */ = {isa = PBXFileReference; lastKnownFileType = sourcecode.swift; path = Bundle.swift; sourceTree = "<group>"; };
		B637563E2B3CA99E003075B2 /* Fizl.app */ = {isa = PBXFileReference; explicitFileType = wrapper.application; includeInIndex = 0; path = Fizl.app; sourceTree = BUILT_PRODUCTS_DIR; };
		B63756412B3CA99E003075B2 /* FizlApp.swift */ = {isa = PBXFileReference; lastKnownFileType = sourcecode.swift; path = FizlApp.swift; sourceTree = "<group>"; };
		B63756432B3CA99E003075B2 /* ContentView.swift */ = {isa = PBXFileReference; lastKnownFileType = sourcecode.swift; path = ContentView.swift; sourceTree = "<group>"; };
		B63756452B3CA99F003075B2 /* Assets.xcassets */ = {isa = PBXFileReference; lastKnownFileType = folder.assetcatalog; path = Assets.xcassets; sourceTree = "<group>"; };
		B63756482B3CA99F003075B2 /* Preview Assets.xcassets */ = {isa = PBXFileReference; lastKnownFileType = folder.assetcatalog; path = "Preview Assets.xcassets"; sourceTree = "<group>"; };
		B63756532B3CA9BE003075B2 /* Fizl ActivityExtension.appex */ = {isa = PBXFileReference; explicitFileType = "wrapper.app-extension"; includeInIndex = 0; path = "Fizl ActivityExtension.appex"; sourceTree = BUILT_PRODUCTS_DIR; };
		B63756552B3CA9BE003075B2 /* WidgetKit.framework */ = {isa = PBXFileReference; lastKnownFileType = wrapper.framework; name = WidgetKit.framework; path = System/Library/Frameworks/WidgetKit.framework; sourceTree = SDKROOT; };
		B63756572B3CA9BE003075B2 /* SwiftUI.framework */ = {isa = PBXFileReference; lastKnownFileType = wrapper.framework; name = SwiftUI.framework; path = System/Library/Frameworks/SwiftUI.framework; sourceTree = SDKROOT; };
		B637565C2B3CA9BE003075B2 /* Fizl_LiveActivity.swift */ = {isa = PBXFileReference; lastKnownFileType = sourcecode.swift; path = Fizl_LiveActivity.swift; sourceTree = "<group>"; };
		B63756602B3CA9BE003075B2 /* Assets.xcassets */ = {isa = PBXFileReference; lastKnownFileType = folder.assetcatalog; path = Assets.xcassets; sourceTree = "<group>"; };
		B63756622B3CA9BE003075B2 /* Info.plist */ = {isa = PBXFileReference; lastKnownFileType = text.plist.xml; path = Info.plist; sourceTree = "<group>"; };
		B637566A2B3CAAF7003075B2 /* Attributes.swift */ = {isa = PBXFileReference; lastKnownFileType = sourcecode.swift; path = Attributes.swift; sourceTree = "<group>"; };
		B6BA3F4D2B3CB36900531CFC /* Info.plist */ = {isa = PBXFileReference; lastKnownFileType = text.plist; path = Info.plist; sourceTree = "<group>"; };
/* End PBXFileReference section */

/* Begin PBXFrameworksBuildPhase section */
		B637563B2B3CA99E003075B2 /* Frameworks */ = {
			isa = PBXFrameworksBuildPhase;
			buildActionMask = 2147483647;
			files = (
			);
			runOnlyForDeploymentPostprocessing = 0;
		};
		B63756502B3CA9BE003075B2 /* Frameworks */ = {
			isa = PBXFrameworksBuildPhase;
			buildActionMask = 2147483647;
			files = (
				B63756582B3CA9BE003075B2 /* SwiftUI.framework in Frameworks */,
				B63756562B3CA9BE003075B2 /* WidgetKit.framework in Frameworks */,
			);
			runOnlyForDeploymentPostprocessing = 0;
		};
/* End PBXFrameworksBuildPhase section */

/* Begin PBXGroup section */
		B63756352B3CA99E003075B2 = {
			isa = PBXGroup;
			children = (
				B63756402B3CA99E003075B2 /* Fizl */,
				B63756592B3CA9BE003075B2 /* Fizl Activity */,
				B63756542B3CA9BE003075B2 /* Frameworks */,
				B637563F2B3CA99E003075B2 /* Products */,
			);
			sourceTree = "<group>";
		};
		B637563F2B3CA99E003075B2 /* Products */ = {
			isa = PBXGroup;
			children = (
				B637563E2B3CA99E003075B2 /* Fizl.app */,
				B63756532B3CA9BE003075B2 /* Fizl ActivityExtension.appex */,
			);
			name = Products;
			sourceTree = "<group>";
		};
		B63756402B3CA99E003075B2 /* Fizl */ = {
			isa = PBXGroup;
			children = (
				B6BA3F4D2B3CB36900531CFC /* Info.plist */,
				B63756412B3CA99E003075B2 /* FizlApp.swift */,
				B63756432B3CA99E003075B2 /* ContentView.swift */,
				B63756452B3CA99F003075B2 /* Assets.xcassets */,
				B63756472B3CA99F003075B2 /* Preview Content */,
			);
			path = Fizl;
			sourceTree = "<group>";
		};
		B63756472B3CA99F003075B2 /* Preview Content */ = {
			isa = PBXGroup;
			children = (
				B63756482B3CA99F003075B2 /* Preview Assets.xcassets */,
			);
			path = "Preview Content";
			sourceTree = "<group>";
		};
		B63756542B3CA9BE003075B2 /* Frameworks */ = {
			isa = PBXGroup;
			children = (
				B63756552B3CA9BE003075B2 /* WidgetKit.framework */,
				B63756572B3CA9BE003075B2 /* SwiftUI.framework */,
			);
			name = Frameworks;
			sourceTree = "<group>";
		};
		B63756592B3CA9BE003075B2 /* Fizl Activity */ = {
			isa = PBXGroup;
			children = (
				B637566A2B3CAAF7003075B2 /* Attributes.swift */,
				B602B8362B4DB82E00BC9E18 /* Bundle.swift */,
				B637565C2B3CA9BE003075B2 /* Fizl_LiveActivity.swift */,
				B63756602B3CA9BE003075B2 /* Assets.xcassets */,
				B63756622B3CA9BE003075B2 /* Info.plist */,
			);
			path = "Fizl Activity";
			sourceTree = "<group>";
		};
/* End PBXGroup section */

/* Begin PBXNativeTarget section */
		B637563D2B3CA99E003075B2 /* Fizl */ = {
			isa = PBXNativeTarget;
			buildConfigurationList = B637564C2B3CA99F003075B2 /* Build configuration list for PBXNativeTarget "Fizl" */;
			buildPhases = (
				B637563A2B3CA99E003075B2 /* Sources */,
				B637563B2B3CA99E003075B2 /* Frameworks */,
				B637563C2B3CA99E003075B2 /* Resources */,
				B63756692B3CA9BE003075B2 /* Embed Foundation Extensions */,
			);
			buildRules = (
			);
			dependencies = (
				B63756642B3CA9BE003075B2 /* PBXTargetDependency */,
			);
			name = Fizl;
			productName = Fizl;
			productReference = B637563E2B3CA99E003075B2 /* Fizl.app */;
			productType = "com.apple.product-type.application";
		};
		B63756522B3CA9BE003075B2 /* Fizl ActivityExtension */ = {
			isa = PBXNativeTarget;
			buildConfigurationList = B63756662B3CA9BE003075B2 /* Build configuration list for PBXNativeTarget "Fizl ActivityExtension" */;
			buildPhases = (
				B637564F2B3CA9BE003075B2 /* Sources */,
				B63756502B3CA9BE003075B2 /* Frameworks */,
				B63756512B3CA9BE003075B2 /* Resources */,
			);
			buildRules = (
			);
			dependencies = (
			);
			name = "Fizl ActivityExtension";
			productName = "Fizl ActivityExtension";
			productReference = B63756532B3CA9BE003075B2 /* Fizl ActivityExtension.appex */;
			productType = "com.apple.product-type.app-extension";
		};
/* End PBXNativeTarget section */

/* Begin PBXProject section */
		B63756362B3CA99E003075B2 /* Project object */ = {
			isa = PBXProject;
			attributes = {
				BuildIndependentTargetsInParallel = 1;
				LastSwiftUpdateCheck = 1510;
				LastUpgradeCheck = 1510;
				TargetAttributes = {
					B637563D2B3CA99E003075B2 = {
						CreatedOnToolsVersion = 15.1;
					};
					B63756522B3CA9BE003075B2 = {
						CreatedOnToolsVersion = 15.1;
					};
				};
			};
			buildConfigurationList = B63756392B3CA99E003075B2 /* Build configuration list for PBXProject "Fizl" */;
			compatibilityVersion = "Xcode 14.0";
			developmentRegion = en;
			hasScannedForEncodings = 0;
			knownRegions = (
				en,
				Base,
			);
			mainGroup = B63756352B3CA99E003075B2;
			productRefGroup = B637563F2B3CA99E003075B2 /* Products */;
			projectDirPath = "";
			projectRoot = "";
			targets = (
				B637563D2B3CA99E003075B2 /* Fizl */,
				B63756522B3CA9BE003075B2 /* Fizl ActivityExtension */,
			);
		};
/* End PBXProject section */

/* Begin PBXResourcesBuildPhase section */
		B637563C2B3CA99E003075B2 /* Resources */ = {
			isa = PBXResourcesBuildPhase;
			buildActionMask = 2147483647;
			files = (
				B63756492B3CA99F003075B2 /* Preview Assets.xcassets in Resources */,
				B63756462B3CA99F003075B2 /* Assets.xcassets in Resources */,
			);
			runOnlyForDeploymentPostprocessing = 0;
		};
		B63756512B3CA9BE003075B2 /* Resources */ = {
			isa = PBXResourcesBuildPhase;
			buildActionMask = 2147483647;
			files = (
				B63756612B3CA9BE003075B2 /* Assets.xcassets in Resources */,
			);
			runOnlyForDeploymentPostprocessing = 0;
		};
/* End PBXResourcesBuildPhase section */

/* Begin PBXSourcesBuildPhase section */
		B637563A2B3CA99E003075B2 /* Sources */ = {
			isa = PBXSourcesBuildPhase;
			buildActionMask = 2147483647;
			files = (
				B63756442B3CA99E003075B2 /* ContentView.swift in Sources */,
				B63756422B3CA99E003075B2 /* FizlApp.swift in Sources */,
				B637566B2B3CAAF7003075B2 /* Attributes.swift in Sources */,
			);
			runOnlyForDeploymentPostprocessing = 0;
		};
		B637564F2B3CA9BE003075B2 /* Sources */ = {
			isa = PBXSourcesBuildPhase;
			buildActionMask = 2147483647;
			files = (
				B637565D2B3CA9BE003075B2 /* Fizl_LiveActivity.swift in Sources */,
				B602B8372B4DB82E00BC9E18 /* Bundle.swift in Sources */,
				B637566C2B3CAAF7003075B2 /* Attributes.swift in Sources */,
			);
			runOnlyForDeploymentPostprocessing = 0;
		};
/* End PBXSourcesBuildPhase section */

/* Begin PBXTargetDependency section */
		B63756642B3CA9BE003075B2 /* PBXTargetDependency */ = {
			isa = PBXTargetDependency;
			target = B63756522B3CA9BE003075B2 /* Fizl ActivityExtension */;
			targetProxy = B63756632B3CA9BE003075B2 /* PBXContainerItemProxy */;
		};
/* End PBXTargetDependency section */

/* Begin XCBuildConfiguration section */
		B637564A2B3CA99F003075B2 /* Debug */ = {
			isa = XCBuildConfiguration;
			buildSettings = {
				ALWAYS_SEARCH_USER_PATHS = NO;
				ASSETCATALOG_COMPILER_GENERATE_SWIFT_ASSET_SYMBOL_EXTENSIONS = YES;
				CLANG_ANALYZER_NONNULL = YES;
				CLANG_ANALYZER_NUMBER_OBJECT_CONVERSION = YES_AGGRESSIVE;
				CLANG_CXX_LANGUAGE_STANDARD = "gnu++20";
				CLANG_ENABLE_MODULES = YES;
				CLANG_ENABLE_OBJC_ARC = YES;
				CLANG_ENABLE_OBJC_WEAK = YES;
				CLANG_WARN_BLOCK_CAPTURE_AUTORELEASING = YES;
				CLANG_WARN_BOOL_CONVERSION = YES;
				CLANG_WARN_COMMA = YES;
				CLANG_WARN_CONSTANT_CONVERSION = YES;
				CLANG_WARN_DEPRECATED_OBJC_IMPLEMENTATIONS = YES;
				CLANG_WARN_DIRECT_OBJC_ISA_USAGE = YES_ERROR;
				CLANG_WARN_DOCUMENTATION_COMMENTS = YES;
				CLANG_WARN_EMPTY_BODY = YES;
				CLANG_WARN_ENUM_CONVERSION = YES;
				CLANG_WARN_INFINITE_RECURSION = YES;
				CLANG_WARN_INT_CONVERSION = YES;
				CLANG_WARN_NON_LITERAL_NULL_CONVERSION = YES;
				CLANG_WARN_OBJC_IMPLICIT_RETAIN_SELF = YES;
				CLANG_WARN_OBJC_LITERAL_CONVERSION = YES;
				CLANG_WARN_OBJC_ROOT_CLASS = YES_ERROR;
				CLANG_WARN_QUOTED_INCLUDE_IN_FRAMEWORK_HEADER = YES;
				CLANG_WARN_RANGE_LOOP_ANALYSIS = YES;
				CLANG_WARN_STRICT_PROTOTYPES = YES;
				CLANG_WARN_SUSPICIOUS_MOVE = YES;
				CLANG_WARN_UNGUARDED_AVAILABILITY = YES_AGGRESSIVE;
				CLANG_WARN_UNREACHABLE_CODE = YES;
				CLANG_WARN__DUPLICATE_METHOD_MATCH = YES;
				COPY_PHASE_STRIP = NO;
				DEBUG_INFORMATION_FORMAT = dwarf;
				ENABLE_STRICT_OBJC_MSGSEND = YES;
				ENABLE_TESTABILITY = YES;
				ENABLE_USER_SCRIPT_SANDBOXING = YES;
				GCC_C_LANGUAGE_STANDARD = gnu17;
				GCC_DYNAMIC_NO_PIC = NO;
				GCC_NO_COMMON_BLOCKS = YES;
				GCC_OPTIMIZATION_LEVEL = 0;
				GCC_PREPROCESSOR_DEFINITIONS = (
					"DEBUG=1",
					"$(inherited)",
				);
				GCC_WARN_64_TO_32_BIT_CONVERSION = YES;
				GCC_WARN_ABOUT_RETURN_TYPE = YES_ERROR;
				GCC_WARN_UNDECLARED_SELECTOR = YES;
				GCC_WARN_UNINITIALIZED_AUTOS = YES_AGGRESSIVE;
				GCC_WARN_UNUSED_FUNCTION = YES;
				GCC_WARN_UNUSED_VARIABLE = YES;
				IPHONEOS_DEPLOYMENT_TARGET = 17.2;
				LOCALIZATION_PREFERS_STRING_CATALOGS = YES;
				MTL_ENABLE_DEBUG_INFO = INCLUDE_SOURCE;
				MTL_FAST_MATH = YES;
				ONLY_ACTIVE_ARCH = YES;
				SDKROOT = iphoneos;
				SWIFT_ACTIVE_COMPILATION_CONDITIONS = "DEBUG $(inherited)";
				SWIFT_OPTIMIZATION_LEVEL = "-Onone";
			};
			name = Debug;
		};
		B637564B2B3CA99F003075B2 /* Release */ = {
			isa = XCBuildConfiguration;
			buildSettings = {
				ALWAYS_SEARCH_USER_PATHS = NO;
				ASSETCATALOG_COMPILER_GENERATE_SWIFT_ASSET_SYMBOL_EXTENSIONS = YES;
				CLANG_ANALYZER_NONNULL = YES;
				CLANG_ANALYZER_NUMBER_OBJECT_CONVERSION = YES_AGGRESSIVE;
				CLANG_CXX_LANGUAGE_STANDARD = "gnu++20";
				CLANG_ENABLE_MODULES = YES;
				CLANG_ENABLE_OBJC_ARC = YES;
				CLANG_ENABLE_OBJC_WEAK = YES;
				CLANG_WARN_BLOCK_CAPTURE_AUTORELEASING = YES;
				CLANG_WARN_BOOL_CONVERSION = YES;
				CLANG_WARN_COMMA = YES;
				CLANG_WARN_CONSTANT_CONVERSION = YES;
				CLANG_WARN_DEPRECATED_OBJC_IMPLEMENTATIONS = YES;
				CLANG_WARN_DIRECT_OBJC_ISA_USAGE = YES_ERROR;
				CLANG_WARN_DOCUMENTATION_COMMENTS = YES;
				CLANG_WARN_EMPTY_BODY = YES;
				CLANG_WARN_ENUM_CONVERSION = YES;
				CLANG_WARN_INFINITE_RECURSION = YES;
				CLANG_WARN_INT_CONVERSION = YES;
				CLANG_WARN_NON_LITERAL_NULL_CONVERSION = YES;
				CLANG_WARN_OBJC_IMPLICIT_RETAIN_SELF = YES;
				CLANG_WARN_OBJC_LITERAL_CONVERSION = YES;
				CLANG_WARN_OBJC_ROOT_CLASS = YES_ERROR;
				CLANG_WARN_QUOTED_INCLUDE_IN_FRAMEWORK_HEADER = YES;
				CLANG_WARN_RANGE_LOOP_ANALYSIS = YES;
				CLANG_WARN_STRICT_PROTOTYPES = YES;
				CLANG_WARN_SUSPICIOUS_MOVE = YES;
				CLANG_WARN_UNGUARDED_AVAILABILITY = YES_AGGRESSIVE;
				CLANG_WARN_UNREACHABLE_CODE = YES;
				CLANG_WARN__DUPLICATE_METHOD_MATCH = YES;
				COPY_PHASE_STRIP = NO;
				DEBUG_INFORMATION_FORMAT = "dwarf-with-dsym";
				ENABLE_NS_ASSERTIONS = NO;
				ENABLE_STRICT_OBJC_MSGSEND = YES;
				ENABLE_USER_SCRIPT_SANDBOXING = YES;
				GCC_C_LANGUAGE_STANDARD = gnu17;
				GCC_NO_COMMON_BLOCKS = YES;
				GCC_WARN_64_TO_32_BIT_CONVERSION = YES;
				GCC_WARN_ABOUT_RETURN_TYPE = YES_ERROR;
				GCC_WARN_UNDECLARED_SELECTOR = YES;
				GCC_WARN_UNINITIALIZED_AUTOS = YES_AGGRESSIVE;
				GCC_WARN_UNUSED_FUNCTION = YES;
				GCC_WARN_UNUSED_VARIABLE = YES;
				IPHONEOS_DEPLOYMENT_TARGET = 17.2;
				LOCALIZATION_PREFERS_STRING_CATALOGS = YES;
				MTL_ENABLE_DEBUG_INFO = NO;
				MTL_FAST_MATH = YES;
				SDKROOT = iphoneos;
				SWIFT_COMPILATION_MODE = wholemodule;
				VALIDATE_PRODUCT = YES;
			};
			name = Release;
		};
		B637564D2B3CA99F003075B2 /* Debug */ = {
			isa = XCBuildConfiguration;
			buildSettings = {
				ALWAYS_EMBED_SWIFT_STANDARD_LIBRARIES = YES;
				ASSETCATALOG_COMPILER_APPICON_NAME = AppIcon;
				ASSETCATALOG_COMPILER_GLOBAL_ACCENT_COLOR_NAME = AccentColor;
				CODE_SIGN_STYLE = Automatic;
				CURRENT_PROJECT_VERSION = 1;
				DEVELOPMENT_ASSET_PATHS = "\"Fizl/Preview Content\"";
				ENABLE_PREVIEWS = YES;
				GENERATE_INFOPLIST_FILE = YES;
				INFOPLIST_FILE = Fizl/Info.plist;
				INFOPLIST_KEY_NSSupportsLiveActivities = YES;
				INFOPLIST_KEY_UIApplicationSceneManifest_Generation = YES;
				INFOPLIST_KEY_UIApplicationSupportsIndirectInputEvents = YES;
				INFOPLIST_KEY_UILaunchScreen_Generation = YES;
				INFOPLIST_KEY_UISupportedInterfaceOrientations_iPad = "UIInterfaceOrientationPortrait UIInterfaceOrientationPortraitUpsideDown UIInterfaceOrientationLandscapeLeft UIInterfaceOrientationLandscapeRight";
				INFOPLIST_KEY_UISupportedInterfaceOrientations_iPhone = "UIInterfaceOrientationPortrait UIInterfaceOrientationLandscapeLeft UIInterfaceOrientationLandscapeRight";
				LD_RUNPATH_SEARCH_PATHS = (
					"$(inherited)",
					"@executable_path/Frameworks",
				);
				MARKETING_VERSION = 1.0;
				PRODUCT_BUNDLE_IDENTIFIER = hainstech.com.Fizl;
				PRODUCT_NAME = "$(TARGET_NAME)";
				SWIFT_EMIT_LOC_STRINGS = YES;
				SWIFT_VERSION = 5.0;
				TARGETED_DEVICE_FAMILY = "1,2";
			};
			name = Debug;
		};
		B637564E2B3CA99F003075B2 /* Release */ = {
			isa = XCBuildConfiguration;
			buildSettings = {
				ALWAYS_EMBED_SWIFT_STANDARD_LIBRARIES = YES;
				ASSETCATALOG_COMPILER_APPICON_NAME = AppIcon;
				ASSETCATALOG_COMPILER_GLOBAL_ACCENT_COLOR_NAME = AccentColor;
				CODE_SIGN_STYLE = Automatic;
				CURRENT_PROJECT_VERSION = 1;
				DEVELOPMENT_ASSET_PATHS = "\"Fizl/Preview Content\"";
				ENABLE_PREVIEWS = YES;
				GENERATE_INFOPLIST_FILE = YES;
				INFOPLIST_FILE = Fizl/Info.plist;
				INFOPLIST_KEY_NSSupportsLiveActivities = YES;
				INFOPLIST_KEY_UIApplicationSceneManifest_Generation = YES;
				INFOPLIST_KEY_UIApplicationSupportsIndirectInputEvents = YES;
				INFOPLIST_KEY_UILaunchScreen_Generation = YES;
				INFOPLIST_KEY_UISupportedInterfaceOrientations_iPad = "UIInterfaceOrientationPortrait UIInterfaceOrientationPortraitUpsideDown UIInterfaceOrientationLandscapeLeft UIInterfaceOrientationLandscapeRight";
				INFOPLIST_KEY_UISupportedInterfaceOrientations_iPhone = "UIInterfaceOrientationPortrait UIInterfaceOrientationLandscapeLeft UIInterfaceOrientationLandscapeRight";
				LD_RUNPATH_SEARCH_PATHS = (
					"$(inherited)",
					"@executable_path/Frameworks",
				);
				MARKETING_VERSION = 1.0;
				PRODUCT_BUNDLE_IDENTIFIER = hainstech.com.Fizl;
				PRODUCT_NAME = "$(TARGET_NAME)";
				SWIFT_EMIT_LOC_STRINGS = YES;
				SWIFT_VERSION = 5.0;
				TARGETED_DEVICE_FAMILY = "1,2";
			};
			name = Release;
		};
		B63756672B3CA9BE003075B2 /* Debug */ = {
			isa = XCBuildConfiguration;
			buildSettings = {
				ASSETCATALOG_COMPILER_GLOBAL_ACCENT_COLOR_NAME = AccentColor;
				ASSETCATALOG_COMPILER_WIDGET_BACKGROUND_COLOR_NAME = WidgetBackground;
				CODE_SIGN_STYLE = Automatic;
				CURRENT_PROJECT_VERSION = 1;
				GENERATE_INFOPLIST_FILE = YES;
				INFOPLIST_FILE = "Fizl Activity/Info.plist";
				INFOPLIST_KEY_CFBundleDisplayName = "Fizl Activity";
				INFOPLIST_KEY_NSHumanReadableCopyright = "";
				LD_RUNPATH_SEARCH_PATHS = (
					"$(inherited)",
					"@executable_path/Frameworks",
					"@executable_path/../../Frameworks",
				);
				MARKETING_VERSION = 1.0;
				PRODUCT_BUNDLE_IDENTIFIER = "hainstech.com.Fizl.Fizl-Activity";
				PRODUCT_NAME = "$(TARGET_NAME)";
				SKIP_INSTALL = YES;
				SWIFT_EMIT_LOC_STRINGS = YES;
				SWIFT_VERSION = 5.0;
				TARGETED_DEVICE_FAMILY = "1,2";
			};
			name = Debug;
		};
		B63756682B3CA9BE003075B2 /* Release */ = {
			isa = XCBuildConfiguration;
			buildSettings = {
				ASSETCATALOG_COMPILER_GLOBAL_ACCENT_COLOR_NAME = AccentColor;
				ASSETCATALOG_COMPILER_WIDGET_BACKGROUND_COLOR_NAME = WidgetBackground;
				CODE_SIGN_STYLE = Automatic;
				CURRENT_PROJECT_VERSION = 1;
				GENERATE_INFOPLIST_FILE = YES;
				INFOPLIST_FILE = "Fizl Activity/Info.plist";
				INFOPLIST_KEY_CFBundleDisplayName = "Fizl Activity";
				INFOPLIST_KEY_NSHumanReadableCopyright = "";
				LD_RUNPATH_SEARCH_PATHS = (
					"$(inherited)",
					"@executable_path/Frameworks",
					"@executable_path/../../Frameworks",
				);
				MARKETING_VERSION = 1.0;
				PRODUCT_BUNDLE_IDENTIFIER = "hainstech.com.Fizl.Fizl-Activity";
				PRODUCT_NAME = "$(TARGET_NAME)";
				SKIP_INSTALL = YES;
				SWIFT_EMIT_LOC_STRINGS = YES;
				SWIFT_VERSION = 5.0;
				TARGETED_DEVICE_FAMILY = "1,2";
			};
			name = Release;
		};
/* End XCBuildConfiguration section */

/* Begin XCConfigurationList section */
		B63756392B3CA99E003075B2 /* Build configuration list for PBXProject "Fizl" */ = {
			isa = XCConfigurationList;
			buildConfigurations = (
				B637564A2B3CA99F003075B2 /* Debug */,
				B637564B2B3CA99F003075B2 /* Release */,
			);
			defaultConfigurationIsVisible = 0;
			defaultConfigurationName = Release;
		};
		B637564C2B3CA99F003075B2 /* Build configuration list for PBXNativeTarget "Fizl" */ = {
			isa = XCConfigurationList;
			buildConfigurations = (
				B637564D2B3CA99F003075B2 /* Debug */,
				B637564E2B3CA99F003075B2 /* Release */,
			);
			defaultConfigurationIsVisible = 0;
			defaultConfigurationName = Release;
		};
		B63756662B3CA9BE003075B2 /* Build configuration list for PBXNativeTarget "Fizl ActivityExtension" */ = {
			isa = XCConfigurationList;
			buildConfigurations = (
				B63756672B3CA9BE003075B2 /* Debug */,
				B63756682B3CA9BE003075B2 /* Release */,
			);
			defaultConfigurationIsVisible = 0;
			defaultConfigurationName = Release;
		};
/* End XCConfigurationList section */
	};
	rootObject = B63756362B3CA99E003075B2 /* Project object */;
}
